
Microsoft Visual Studio Solution File, Format Version 12.00
# Visual Studio Version 17
VisualStudioVersion = 17.8.34309.116
MinimumVisualStudioVersion = 10.0.40219.1
Project("{FAE04EC0-301F-11D3-BF4B-00C04F79EFBC}") = "GameCaro", "GameCaro\GameCaro.csproj", "{DFEDF1BB-4B79-4948-9239-A1CB2CAB075D}"
EndProject
Global
	GlobalSection(SolutionConfigurationPlatforms) = preSolution
		Debug|Any CPU = Debug|Any CPU
		Release|Any CPU = Release|Any CPU
	EndGlobalSection
	GlobalSection(ProjectConfigurationPlatforms) = postSolution
		{DFEDF1BB-4B79-4948-9239-A1CB2CAB075D}.Debug|Any CPU.ActiveCfg = Debug|Any CPU
		{DFEDF1BB-4B79-4948-9239-A1CB2CAB075D}.Debug|Any CPU.Build.0 = Debug|Any CPU
		{DFEDF1BB-4B79-4948-9239-A1CB2CAB075D}.Release|Any CPU.ActiveCfg = Release|Any CPU
		{DFEDF1BB-4B79-4948-9239-A1CB2CAB075D}.Release|Any CPU.Build.0 = Release|Any CPU
	EndGlobalSection
	GlobalSection(SolutionProperties) = preSolution
		HideSolutionNode = FALSE
	EndGlobalSection
	GlobalSection(ExtensibilityGlobals) = postSolution
		SolutionGuid = {A725364C-86EB-4117-86C9-6CF6D916B4CE}
	EndGlobalSection
EndGlobal
